
Microsoft Visual Studio Solution File, Format Version 12.00
# Visual Studio Version 16
VisualStudioVersion = 16.0.30320.27
MinimumVisualStudioVersion = 10.0.40219.1
Project("{8BC9CEB8-8B4A-11D0-8D11-00A0C91BC942}") = "ConsoleSnake", "ConsoleSnake\ConsoleSnake.vcxproj", "{54A532F4-6449-4922-B767-2896D63BCFF7}"
EndProject
Global
	GlobalSection(SolutionConfigurationPlatforms) = preSolution
		Debug|x64 = Debug|x64
		Debug|x86 = Debug|x86
		Release|x64 = Release|x64
		Release|x86 = Release|x86
	EndGlobalSection
	GlobalSection(ProjectConfigurationPlatforms) = postSolution
		{54A532F4-6449-4922-B767-2896D63BCFF7}.Debug|x64.ActiveCfg = Debug|x64
		{54A532F4-6449-4922-B767-2896D63BCFF7}.Debug|x64.Build.0 = Debug|x64
		{54A532F4-6449-4922-B767-2896D63BCFF7}.Debug|x86.ActiveCfg = Debug|Win32
		{54A532F4-6449-4922-B767-2896D63BCFF7}.Debug|x86.Build.0 = Debug|Win32
		{54A532F4-6449-4922-B767-2896D63BCFF7}.Release|x64.ActiveCfg = Release|x64
		{54A532F4-6449-4922-B767-2896D63BCFF7}.Release|x64.Build.0 = Release|x64
		{54A532F4-6449-4922-B767-2896D63BCFF7}.Release|x86.ActiveCfg = Release|Win32
		{54A532F4-6449-4922-B767-2896D63BCFF7}.Release|x86.Build.0 = Release|Win32
	EndGlobalSection
	GlobalSection(SolutionProperties) = preSolution
		HideSolutionNode = FALSE
	EndGlobalSection
	GlobalSection(ExtensibilityGlobals) = postSolution
		SolutionGuid = {4FDC93DD-7802-41B0-809A-9A3E532BE59A}
	EndGlobalSection
EndGlobal
